
Microsoft Visual Studio Solution File, Format Version 12.00
# Visual Studio Version 17
VisualStudioVersion = 17.8.34309.116
MinimumVisualStudioVersion = 10.0.40219.1
Project("{FAE04EC0-301F-11D3-BF4B-00C04F79EFBC}") = "FileHierarcy", "FileHierarcy\FileHierarcy.csproj", "{A95043FD-2B0A-4107-9322-2F61EF3E8B61}"
EndProject
Project("{FAE04EC0-301F-11D3-BF4B-00C04F79EFBC}") = "API.BLL", "API.BLL\API.BLL.csproj", "{0C3E80BC-99DD-428D-9190-A9AD09C95187}"
EndProject
Project("{FAE04EC0-301F-11D3-BF4B-00C04F79EFBC}") = "API.DAL", "API.DAL\API.DAL.csproj", "{97A9BD82-F954-48FA-91AA-122196450A6F}"
EndProject
Global
	GlobalSection(SolutionConfigurationPlatforms) = preSolution
		Debug|Any CPU = Debug|Any CPU
		Release|Any CPU = Release|Any CPU
	EndGlobalSection
	GlobalSection(ProjectConfigurationPlatforms) = postSolution
		{A95043FD-2B0A-4107-9322-2F61EF3E8B61}.Debug|Any CPU.ActiveCfg = Debug|Any CPU
		{A95043FD-2B0A-4107-9322-2F61EF3E8B61}.Debug|Any CPU.Build.0 = Debug|Any CPU
		{A95043FD-2B0A-4107-9322-2F61EF3E8B61}.Release|Any CPU.ActiveCfg = Release|Any CPU
		{A95043FD-2B0A-4107-9322-2F61EF3E8B61}.Release|Any CPU.Build.0 = Release|Any CPU
		{0C3E80BC-99DD-428D-9190-A9AD09C95187}.Debug|Any CPU.ActiveCfg = Debug|Any CPU
		{0C3E80BC-99DD-428D-9190-A9AD09C95187}.Debug|Any CPU.Build.0 = Debug|Any CPU
		{0C3E80BC-99DD-428D-9190-A9AD09C95187}.Release|Any CPU.ActiveCfg = Release|Any CPU
		{0C3E80BC-99DD-428D-9190-A9AD09C95187}.Release|Any CPU.Build.0 = Release|Any CPU
		{97A9BD82-F954-48FA-91AA-122196450A6F}.Debug|Any CPU.ActiveCfg = Debug|Any CPU
		{97A9BD82-F954-48FA-91AA-122196450A6F}.Debug|Any CPU.Build.0 = Debug|Any CPU
		{97A9BD82-F954-48FA-91AA-122196450A6F}.Release|Any CPU.ActiveCfg = Release|Any CPU
		{97A9BD82-F954-48FA-91AA-122196450A6F}.Release|Any CPU.Build.0 = Release|Any CPU
	EndGlobalSection
	GlobalSection(SolutionProperties) = preSolution
		HideSolutionNode = FALSE
	EndGlobalSection
	GlobalSection(ExtensibilityGlobals) = postSolution
		SolutionGuid = {8176C113-D6A0-44DC-B84D-EA9A236C55B7}
	EndGlobalSection
EndGlobal
